{
    "name": "pack-mcmeta-snippets",
    "version": "0.0.1",
    "lockfileVersion": 2,
    "requires": true,
    "packages": {
        "": {
            "name": "pack-mcmeta-snippets",
            "version": "0.0.1",
            "license": "GPLv3",
            "engines": {
                "vscode": "^1.18.0"
            }
        }
    }
}
